
Microsoft Visual Studio Solution File, Format Version 12.00
# Visual Studio Version 17
VisualStudioVersion = 17.1.32328.378
MinimumVisualStudioVersion = 10.0.40219.1
Project("{FAE04EC0-301F-11D3-BF4B-00C04F79EFBC}") = "singly_linked_list", "singly_linked_list\singly_linked_list.csproj", "{B55D82CF-52D4-43B6-A720-1C5E92F0C6C7}"
EndProject
Global
	GlobalSection(SolutionConfigurationPlatforms) = preSolution
		Debug|Any CPU = Debug|Any CPU
		Release|Any CPU = Release|Any CPU
	EndGlobalSection
	GlobalSection(ProjectConfigurationPlatforms) = postSolution
		{B55D82CF-52D4-43B6-A720-1C5E92F0C6C7}.Debug|Any CPU.ActiveCfg = Debug|Any CPU
		{B55D82CF-52D4-43B6-A720-1C5E92F0C6C7}.Debug|Any CPU.Build.0 = Debug|Any CPU
		{B55D82CF-52D4-43B6-A720-1C5E92F0C6C7}.Release|Any CPU.ActiveCfg = Release|Any CPU
		{B55D82CF-52D4-43B6-A720-1C5E92F0C6C7}.Release|Any CPU.Build.0 = Release|Any CPU
	EndGlobalSection
	GlobalSection(SolutionProperties) = preSolution
		HideSolutionNode = FALSE
	EndGlobalSection
	GlobalSection(ExtensibilityGlobals) = postSolution
		SolutionGuid = {278CD6AC-714A-45D0-8FAD-9A29528DA14E}
	EndGlobalSection
EndGlobal
